{
    "_meta": {
        "hash": {
            "sha256": "0bef4384761ff3e44426e4ca57aceb5fa27b3dddcc872cc66774cc97e3256a6f"
        },
        "pipfile-spec": 6,
        "requires": {
            "python_version": "3.10"
        },
        "sources": [
            {
                "name": "pip_conf_index_global",
                "url": "http://mirrors.cloud.aliyuncs.com/pypi/simple/",
                "verify_ssl": false
            }
        ]
    },
    "default": {},
    "develop": {}
}
